{
    "requires": true,
    "lockfileVersion": 1,
    "dependencies": {
        "@babel/helper-plugin-utils": {
            "version": "7.12.13",
            "resolved": "https://registry.npmjs.org/@babel/helper-plugin-utils/-/helper-plugin-utils-7.12.13.tgz",
            "integrity": "sha512-C+10MXCXJLiR6IeG9+Wiejt9jmtFpxUc3MQqCmPY8hfCjyUGl9kT+B2okzEZrtykiwrc4dbCPdDoz0A/HQbDaA==",
            "dev": true
        },
        "@babel/plugin-syntax-dynamic-import": {
            "version": "7.8.3",
            "resolved": "https://registry.npmjs.org/@babel/plugin-syntax-dynamic-import/-/plugin-syntax-dynamic-import-7.8.3.tgz",
            "integrity": "sha512-5gdGbFon+PszYzqs83S3E5mpi7/y/8M9eC90MRTZfduQOYW76ig6SOSPNe41IG5LoP3FGBn2N0RjVDSQiS94kQ==",
            "dev": true,
            "requires": {
                "@babel/helper-plugin-utils": "^7.8.0"
            }
        },
        "@inertiajs/inertia": {
            "version": "0.8.4",
            "resolved": "https://registry.npmjs.org/@inertiajs/inertia/-/inertia-0.8.4.tgz",
            "integrity": "sha512-iTiyqXNvOYCY7/llhJgAHBKuUNlz6FBgXV/w0yzugpepqVR23kxSjepYLYdAKWS5Noq6W+Iz7oLeqFjuoCy53w==",
            "requires": {
                "axios": "^0.21.1",
                "deepmerge": "^4.0.0",
                "qs": "^6.9.0"
            }
        },
        "@inertiajs/inertia-react": {
            "version": "0.5.3",
            "resolved": "https://registry.npmjs.org/@inertiajs/inertia-react/-/inertia-react-0.5.3.tgz",
            "integrity": "sha512-dlFt1bkdmGU1G1PYeN19pzfkE4bCYrmqVs0vx1XeFaNmvjK9DmUoBY+f1sM7jwz6naUKmgOrcBV1d3TfBXQcrg=="
        },
        "axios": {
            "version": "0.21.1",
            "resolved": "https://registry.npmjs.org/axios/-/axios-0.21.1.tgz",
            "integrity": "sha512-dKQiRHxGD9PPRIUNIWvZhPTPpl1rf/OxTYKsqKUDjBwYylTvV7SjSHJb9ratfyzM6wCdLCOYLzs73qpg5c4iGA==",
            "requires": {
                "follow-redirects": "^1.10.0"
            }
        },
        "deepmerge": {
            "version": "4.2.2",
            "resolved": "https://registry.npmjs.org/deepmerge/-/deepmerge-4.2.2.tgz",
            "integrity": "sha512-FJ3UgI4gIl+PHZm53knsuSFpE+nESMr7M4v9QcgB7S63Kj/6WqMiFQJpBBYz1Pt+66bZpP3Q7Lye0Oo9MPKEdg=="
        },
        "follow-redirects": {
            "version": "1.13.2",
            "resolved": "https://registry.npmjs.org/follow-redirects/-/follow-redirects-1.13.2.tgz",
            "integrity": "sha512-6mPTgLxYm3r6Bkkg0vNM0HTjfGrOEtsfbhagQvbxDEsEkpNhw582upBaoRZylzen6krEmxXJgt9Ju6HiI4O7BA=="
        },
        "qs": {
            "version": "6.9.6",
            "resolved": "https://registry.npmjs.org/qs/-/qs-6.9.6.tgz",
            "integrity": "sha512-TIRk4aqYLNoJUbd+g2lEdz5kLWIuTMRagAXxl78Q0RiVjAOugHmeKNGdd3cwo/ktpf9aL9epCfFqWDEKysUlLQ=="
        }
    }
}
